
Microsoft Visual Studio Solution File, Format Version 12.00
# Visual Studio Version 16
VisualStudioVersion = 16.0.30907.101
MinimumVisualStudioVersion = 10.0.40219.1
Project("{9A19103F-16F7-4668-BE54-9A1E7A4F7556}") = "WorkTracker.Server", "WorkTracker.Server\WorkTracker.Server.csproj", "{62FA1073-B58C-48C6-8710-EF5CC5401ADC}"
EndProject
Project("{9A19103F-16F7-4668-BE54-9A1E7A4F7556}") = "WorkTracker.Database", "WorkTracker.Database\WorkTracker.Database.csproj", "{3AF7AA5A-E4DA-4F19-86D3-EE9A3F9C9BF6}"
EndProject
Global
	GlobalSection(SolutionConfigurationPlatforms) = preSolution
		Debug|Any CPU = Debug|Any CPU
		Release|Any CPU = Release|Any CPU
	EndGlobalSection
	GlobalSection(ProjectConfigurationPlatforms) = postSolution
		{62FA1073-B58C-48C6-8710-EF5CC5401ADC}.Debug|Any CPU.ActiveCfg = Debug|Any CPU
		{62FA1073-B58C-48C6-8710-EF5CC5401ADC}.Debug|Any CPU.Build.0 = Debug|Any CPU
		{62FA1073-B58C-48C6-8710-EF5CC5401ADC}.Release|Any CPU.ActiveCfg = Release|Any CPU
		{62FA1073-B58C-48C6-8710-EF5CC5401ADC}.Release|Any CPU.Build.0 = Release|Any CPU
		{3AF7AA5A-E4DA-4F19-86D3-EE9A3F9C9BF6}.Debug|Any CPU.ActiveCfg = Debug|Any CPU
		{3AF7AA5A-E4DA-4F19-86D3-EE9A3F9C9BF6}.Debug|Any CPU.Build.0 = Debug|Any CPU
		{3AF7AA5A-E4DA-4F19-86D3-EE9A3F9C9BF6}.Release|Any CPU.ActiveCfg = Release|Any CPU
		{3AF7AA5A-E4DA-4F19-86D3-EE9A3F9C9BF6}.Release|Any CPU.Build.0 = Release|Any CPU
	EndGlobalSection
	GlobalSection(SolutionProperties) = preSolution
		HideSolutionNode = FALSE
	EndGlobalSection
	GlobalSection(ExtensibilityGlobals) = postSolution
		SolutionGuid = {315125CF-B881-4397-A6F5-4681D3893D96}
	EndGlobalSection
EndGlobal
